
Microsoft Visual Studio Solution File, Format Version 12.00
# Visual Studio Version 16
VisualStudioVersion = 16.0.31129.286
MinimumVisualStudioVersion = 10.0.40219.1
Project("{FAE04EC0-301F-11D3-BF4B-00C04F79EFBC}") = "course.api", "course.api\course.api.csproj", "{3EBCFFD2-BE02-4B0A-B4B9-0406BF55BE93}"
EndProject
Global
	GlobalSection(SolutionConfigurationPlatforms) = preSolution
		Debug|Any CPU = Debug|Any CPU
		Release|Any CPU = Release|Any CPU
	EndGlobalSection
	GlobalSection(ProjectConfigurationPlatforms) = postSolution
		{3EBCFFD2-BE02-4B0A-B4B9-0406BF55BE93}.Debug|Any CPU.ActiveCfg = Debug|Any CPU
		{3EBCFFD2-BE02-4B0A-B4B9-0406BF55BE93}.Debug|Any CPU.Build.0 = Debug|Any CPU
		{3EBCFFD2-BE02-4B0A-B4B9-0406BF55BE93}.Release|Any CPU.ActiveCfg = Release|Any CPU
		{3EBCFFD2-BE02-4B0A-B4B9-0406BF55BE93}.Release|Any CPU.Build.0 = Release|Any CPU
	EndGlobalSection
	GlobalSection(SolutionProperties) = preSolution
		HideSolutionNode = FALSE
	EndGlobalSection
	GlobalSection(ExtensibilityGlobals) = postSolution
		SolutionGuid = {9B5D6C39-82AF-4261-A8A9-646C7E085EE3}
	EndGlobalSection
EndGlobal
